
Microsoft Visual Studio Solution File, Format Version 12.00
# Visual Studio 15
VisualStudioVersion = 15.0.28307.421
MinimumVisualStudioVersion = 10.0.40219.1
Project("{888888A0-9F3D-457C-B088-3A5042F75D52}") = "GraphTheory_Project", "GraphTheory_Project\GraphTheory_Project.pyproj", "{E784F67C-6312-4777-AE18-06CE245428FE}"
EndProject
Global
	GlobalSection(SolutionConfigurationPlatforms) = preSolution
		Debug|Any CPU = Debug|Any CPU
		Release|Any CPU = Release|Any CPU
	EndGlobalSection
	GlobalSection(ProjectConfigurationPlatforms) = postSolution
		{E784F67C-6312-4777-AE18-06CE245428FE}.Debug|Any CPU.ActiveCfg = Debug|Any CPU
		{E784F67C-6312-4777-AE18-06CE245428FE}.Release|Any CPU.ActiveCfg = Release|Any CPU
	EndGlobalSection
	GlobalSection(SolutionProperties) = preSolution
		HideSolutionNode = FALSE
	EndGlobalSection
	GlobalSection(ExtensibilityGlobals) = postSolution
		SolutionGuid = {16AB366D-D4C9-40F0-817A-C467F8717A8C}
	EndGlobalSection
EndGlobal
